
Microsoft Visual Studio Solution File, Format Version 12.00
# Visual Studio Version 17
VisualStudioVersion = 17.13.35806.99 d17.13
MinimumVisualStudioVersion = 10.0.40219.1
Project("{FAE04EC0-301F-11D3-BF4B-00C04F79EFBC}") = "StockAlertApp", "StockAlertApp\StockAlertApp.csproj", "{2AC30523-0BFC-4382-8770-3CD19529B5BE}"
EndProject
Global
	GlobalSection(SolutionConfigurationPlatforms) = preSolution
		Debug|Any CPU = Debug|Any CPU
		Release|Any CPU = Release|Any CPU
	EndGlobalSection
	GlobalSection(ProjectConfigurationPlatforms) = postSolution
		{2AC30523-0BFC-4382-8770-3CD19529B5BE}.Debug|Any CPU.ActiveCfg = Debug|Any CPU
		{2AC30523-0BFC-4382-8770-3CD19529B5BE}.Debug|Any CPU.Build.0 = Debug|Any CPU
		{2AC30523-0BFC-4382-8770-3CD19529B5BE}.Release|Any CPU.ActiveCfg = Release|Any CPU
		{2AC30523-0BFC-4382-8770-3CD19529B5BE}.Release|Any CPU.Build.0 = Release|Any CPU
	EndGlobalSection
	GlobalSection(SolutionProperties) = preSolution
		HideSolutionNode = FALSE
	EndGlobalSection
	GlobalSection(ExtensibilityGlobals) = postSolution
		SolutionGuid = {2B2433B9-E359-4A2A-8519-619811B252B2}
	EndGlobalSection
EndGlobal
